Microsoft Visual Studio Solution File, Format Version 12.00
# Visual Studio Version 17
VisualStudioVersion = 17.5.2.0
MinimumVisualStudioVersion = 10.0.40219.1
Project("{FAE04EC0-301F-11D3-BF4B-00C04F79EFBC}") = "SemanticBrowser", "SemanticBrowser.csproj", "{10A2F59A-AD8E-692D-B535-F3E1E15AB33D}"
EndProject
Global
	GlobalSection(SolutionConfigurationPlatforms) = preSolution
		Debug|Any CPU = Debug|Any CPU
		Release|Any CPU = Release|Any CPU
	EndGlobalSection
	GlobalSection(ProjectConfigurationPlatforms) = postSolution
		{10A2F59A-AD8E-692D-B535-F3E1E15AB33D}.Debug|Any CPU.ActiveCfg = Debug|Any CPU
		{10A2F59A-AD8E-692D-B535-F3E1E15AB33D}.Debug|Any CPU.Build.0 = Debug|Any CPU
		{10A2F59A-AD8E-692D-B535-F3E1E15AB33D}.Release|Any CPU.ActiveCfg = Release|Any CPU
		{10A2F59A-AD8E-692D-B535-F3E1E15AB33D}.Release|Any CPU.Build.0 = Release|Any CPU
	EndGlobalSection
	GlobalSection(SolutionProperties) = preSolution
		HideSolutionNode = FALSE
	EndGlobalSection
	GlobalSection(ExtensibilityGlobals) = postSolution
		SolutionGuid = {7FB4DBC4-A926-43CA-B080-1817BC7A6613}
	EndGlobalSection
EndGlobal
